
Microsoft Visual Studio Solution File, Format Version 12.00
# Visual Studio 15
VisualStudioVersion = 15.0.26730.12
MinimumVisualStudioVersion = 10.0.40219.1
Project("{FAE04EC0-301F-11D3-BF4B-00C04F79EFBC}") = "ERTSDashboard", "ERTSDashboard\ERTSDashboard.csproj", "{FDDDD840-D8EC-4D5A-BC44-CB11CE8C2CDB}"
EndProject
Global
	GlobalSection(SolutionConfigurationPlatforms) = preSolution
		Debug|Main = Debug|Main
		Release|Main = Release|Main
	EndGlobalSection
	GlobalSection(ProjectConfigurationPlatforms) = postSolution
		{FDDDD840-D8EC-4D5A-BC44-CB11CE8C2CDB}.Debug|Main.ActiveCfg = Debug|x64
		{FDDDD840-D8EC-4D5A-BC44-CB11CE8C2CDB}.Debug|Main.Build.0 = Debug|x64
		{FDDDD840-D8EC-4D5A-BC44-CB11CE8C2CDB}.Release|Main.ActiveCfg = Release|x64
	EndGlobalSection
	GlobalSection(SolutionProperties) = preSolution
		HideSolutionNode = FALSE
	EndGlobalSection
	GlobalSection(ExtensibilityGlobals) = postSolution
		SolutionGuid = {A3A35119-07BA-4577-956D-8C761E740CFA}
	EndGlobalSection
EndGlobal
