
Microsoft Visual Studio Solution File, Format Version 12.00
# Visual Studio 15
VisualStudioVersion = 15.0.26730.12
MinimumVisualStudioVersion = 10.0.40219.1
Project("{FAE04EC0-301F-11D3-BF4B-00C04F79EFBC}") = "ERTSDashboard", "ERTSDashboard\ERTSDashboard.csproj", "{FDDDD840-D8EC-4D5A-BC44-CB11CE8C2CDB}"
EndProject
Project("{FAE04EC0-301F-11D3-BF4B-00C04F79EFBC}") = "MicroMvvm", "MicroMvvm\MicroMvvm.csproj", "{9EFE6CBD-DF21-436E-9F81-E258BAB0B653}"
EndProject
Global
	GlobalSection(SolutionConfigurationPlatforms) = preSolution
		Debug|Main = Debug|Main
		Debug|x64 = Debug|x64
		Debug|x86 = Debug|x86
		Release|Main = Release|Main
		Release|x64 = Release|x64
		Release|x86 = Release|x86
	EndGlobalSection
	GlobalSection(ProjectConfigurationPlatforms) = postSolution
		{FDDDD840-D8EC-4D5A-BC44-CB11CE8C2CDB}.Debug|Main.ActiveCfg = Debug|x64
		{FDDDD840-D8EC-4D5A-BC44-CB11CE8C2CDB}.Debug|Main.Build.0 = Debug|x64
		{FDDDD840-D8EC-4D5A-BC44-CB11CE8C2CDB}.Debug|x64.ActiveCfg = Debug|x64
		{FDDDD840-D8EC-4D5A-BC44-CB11CE8C2CDB}.Debug|x64.Build.0 = Debug|x64
		{FDDDD840-D8EC-4D5A-BC44-CB11CE8C2CDB}.Debug|x86.ActiveCfg = Debug|x64
		{FDDDD840-D8EC-4D5A-BC44-CB11CE8C2CDB}.Release|Main.ActiveCfg = Release|x64
		{FDDDD840-D8EC-4D5A-BC44-CB11CE8C2CDB}.Release|x64.ActiveCfg = Release|x64
		{FDDDD840-D8EC-4D5A-BC44-CB11CE8C2CDB}.Release|x64.Build.0 = Release|x64
		{FDDDD840-D8EC-4D5A-BC44-CB11CE8C2CDB}.Release|x86.ActiveCfg = Release|x64
		{9EFE6CBD-DF21-436E-9F81-E258BAB0B653}.Debug|Main.ActiveCfg = Debug|x86
		{9EFE6CBD-DF21-436E-9F81-E258BAB0B653}.Debug|x64.ActiveCfg = Debug|x64
		{9EFE6CBD-DF21-436E-9F81-E258BAB0B653}.Debug|x64.Build.0 = Debug|x64
		{9EFE6CBD-DF21-436E-9F81-E258BAB0B653}.Debug|x86.ActiveCfg = Debug|x86
		{9EFE6CBD-DF21-436E-9F81-E258BAB0B653}.Debug|x86.Build.0 = Debug|x86
		{9EFE6CBD-DF21-436E-9F81-E258BAB0B653}.Release|Main.ActiveCfg = Release|x86
		{9EFE6CBD-DF21-436E-9F81-E258BAB0B653}.Release|x64.ActiveCfg = Release|x64
		{9EFE6CBD-DF21-436E-9F81-E258BAB0B653}.Release|x64.Build.0 = Release|x64
		{9EFE6CBD-DF21-436E-9F81-E258BAB0B653}.Release|x86.ActiveCfg = Release|x86
		{9EFE6CBD-DF21-436E-9F81-E258BAB0B653}.Release|x86.Build.0 = Release|x86
	EndGlobalSection
	GlobalSection(SolutionProperties) = preSolution
		HideSolutionNode = FALSE
	EndGlobalSection
	GlobalSection(ExtensibilityGlobals) = postSolution
		SolutionGuid = {A3A35119-07BA-4577-956D-8C761E740CFA}
	EndGlobalSection
	GlobalSection(AutomaticVersions) = postSolution
		AssemblyInfoFilePath = Properties/AssemblyInfo.cs
		PrimaryVersionType = AssemblyFileVersionAttribute
		UpdateAssemblyVersion = True
		UpdateAssemblyFileVersion = True
		UpdateAssemblyInfoVersion = True
		AdvancedSettingsExpanded = True
		AssemblyVersionSettings = YearStamp.MonthStamp.DayStamp.Increment
		AssemblyFileVersionSettings = YearStamp.MonthStamp.DayStamp.Increment
		AssemblyInfoVersionSettings = YearStamp.MonthStamp.DayStamp.Increment
	EndGlobalSection
EndGlobal
