
Microsoft Visual Studio Solution File, Format Version 12.00
# Visual Studio 15
VisualStudioVersion = 15.0.27004.2005
MinimumVisualStudioVersion = 10.0.40219.1
Project("{FAE04EC0-301F-11D3-BF4B-00C04F79EFBC}") = "ERTS.Dashboard", "ERTS.Dashboard\ERTS.Dashboard.csproj", "{FDDDD840-D8EC-4D5A-BC44-CB11CE8C2CDB}"
EndProject
Project("{FAE04EC0-301F-11D3-BF4B-00C04F79EFBC}") = "MicroMvvm", "MicroMvvm\MicroMvvm.csproj", "{9EFE6CBD-DF21-436E-9F81-E258BAB0B653}"
EndProject
Project("{FAE04EC0-301F-11D3-BF4B-00C04F79EFBC}") = "EraYaN.Serial", "EraYaN.Serial\EraYaN.Serial.csproj", "{E091CB2B-20FA-43C1-A595-1AB23320F97D}"
EndProject
Project("{2150E333-8FDC-42A3-9474-1A3956D46DE8}") = "Native Libraries", "Native Libraries", "{10681135-FD8E-4B91-8710-3F5E6450850B}"
EndProject
Project("{8BC9CEB8-8B4A-11D0-8D11-00A0C91BC942}") = "libcrc", "..\libraries\libcrc-2.0\libcrc.vcxproj", "{8DCB8AA5-E743-4399-A294-5C3C1E61EF6F}"
EndProject
Project("{8BC9CEB8-8B4A-11D0-8D11-00A0C91BC942}") = "libertscommunication", "..\libraries\libertscommunication\libertscommunication.vcxproj", "{2371E72E-2D3F-4979-9A76-B7180500B4C6}"
	ProjectSection(ProjectDependencies) = postProject
		{8DCB8AA5-E743-4399-A294-5C3C1E61EF6F} = {8DCB8AA5-E743-4399-A294-5C3C1E61EF6F}
	EndProjectSection
EndProject
Project("{FAE04EC0-301F-11D3-BF4B-00C04F79EFBC}") = "CRCLib", "CRCLib\CRCLib.csproj", "{514BDD5D-FFB9-4896-A04A-11F6595FEC58}"
EndProject
Project("{FAE04EC0-301F-11D3-BF4B-00C04F79EFBC}") = "ERTS.Dashboard.Tests", "ERTS.Dashboard.Tests\ERTS.Dashboard.Tests.csproj", "{2BFC69B8-F962-4EAE-9241-6968670BDEDF}"
EndProject
Project("{2150E333-8FDC-42A3-9474-1A3956D46DE8}") = "Managed Libraries", "Managed Libraries", "{B726A834-972A-4766-8510-3A9F59A2C4CE}"
EndProject
Project("{2150E333-8FDC-42A3-9474-1A3956D46DE8}") = "Managed Tests", "Managed Tests", "{C47DEE4A-D976-455F-A04D-1B288E61B587}"
EndProject
Project("{2150E333-8FDC-42A3-9474-1A3956D46DE8}") = "Prototypes", "Prototypes", "{D0005F55-092C-4ABD-83E7-F2D616C45EA2}"
EndProject
Project("{8BC9CEB8-8B4A-11D0-8D11-00A0C91BC942}") = "protocol-test1", "protocol-test1\protocol-test1.vcxproj", "{68094529-3515-46C0-AFF2-F850575AC480}"
EndProject
Project("{8BC9CEB8-8B4A-11D0-8D11-00A0C91BC942}") = "sdl-test", "sdl-test\sdl-test.vcxproj", "{8333889E-17C1-41B9-8102-BC610F528300}"
EndProject
Project("{8BC9CEB8-8B4A-11D0-8D11-00A0C91BC942}") = "ERTS.Embedded.Linux", "ERTS.Embedded\ERTS.Embedded.vcxproj", "{44912A9E-17D7-4CBF-B802-D14889A5DF51}"
EndProject
Project("{8BC9CEB8-8B4A-11D0-8D11-00A0C91BC942}") = "protocol-test2", "protocol-test2\protocol-test2.vcxproj", "{AE721F56-8E1A-4FF2-86AE-6DAACC9704A7}"
EndProject
Project("{8BC9CEB8-8B4A-11D0-8D11-00A0C91BC942}") = "ERTS.Embedded.Fake", "ERTS.Embedded\ERTS.Embedded.Fake.vcxproj", "{D55F8C7C-C2BD-4109-B414-7F5A0F644483}"
	ProjectSection(ProjectDependencies) = postProject
		{2371E72E-2D3F-4979-9A76-B7180500B4C6} = {2371E72E-2D3F-4979-9A76-B7180500B4C6}
		{8DCB8AA5-E743-4399-A294-5C3C1E61EF6F} = {8DCB8AA5-E743-4399-A294-5C3C1E61EF6F}
	EndProjectSection
EndProject
Project("{8BC9CEB8-8B4A-11D0-8D11-00A0C91BC942}") = "ERTS.Embedded.WSL", "ERTS.Embedded\ERTS.Embedded.WSL.vcxproj", "{0161E769-21BF-4BB5-8BD1-2EF8573A3FF4}"
EndProject
Project("{FAE04EC0-301F-11D3-BF4B-00C04F79EFBC}") = "TimingDividerTests", "TimingDividerTests\TimingDividerTests.csproj", "{5C5219A0-B4C0-441A-83ED-D7AE765D6A79}"
EndProject
Project("{FAE04EC0-301F-11D3-BF4B-00C04F79EFBC}") = "ERTS.Dashboard.Server", "ERTS.Dashboard.Server\ERTS.Dashboard.Server.csproj", "{7FC659D7-02CA-42E1-A2BA-9A4D326CFD15}"
EndProject
Project("{888888A0-9F3D-457C-B088-3A5042F75D52}") = "PyFlashParser", "PyFlashParser\PyFlashParser.pyproj", "{7F898B51-332B-468D-9EFA-E2CB8709ECAE}"
EndProject
Project("{2150E333-8FDC-42A3-9474-1A3956D46DE8}") = "Tools", "Tools", "{447305F5-E413-4E7B-90D4-24931DD6E196}"
EndProject
Project("{FAE04EC0-301F-11D3-BF4B-00C04F79EFBC}") = "DesignReporter", "DesignReporter\DesignReporter.csproj", "{D4060982-7BC8-40C0-BFF5-D0B248FF50D4}"
EndProject
Global
	GlobalSection(SolutionConfigurationPlatforms) = preSolution
		Debug|Any CPU = Debug|Any CPU
		Debug|Main = Debug|Main
		Debug|x64 = Debug|x64
		Release|Any CPU = Release|Any CPU
		Release|Main = Release|Main
		Release|x64 = Release|x64
	EndGlobalSection
	GlobalSection(ProjectConfigurationPlatforms) = postSolution
		{FDDDD840-D8EC-4D5A-BC44-CB11CE8C2CDB}.Debug|Any CPU.ActiveCfg = Debug|x64
		{FDDDD840-D8EC-4D5A-BC44-CB11CE8C2CDB}.Debug|Main.ActiveCfg = Debug|x64
		{FDDDD840-D8EC-4D5A-BC44-CB11CE8C2CDB}.Debug|Main.Build.0 = Debug|x64
		{FDDDD840-D8EC-4D5A-BC44-CB11CE8C2CDB}.Debug|x64.ActiveCfg = Debug|x64
		{FDDDD840-D8EC-4D5A-BC44-CB11CE8C2CDB}.Debug|x64.Build.0 = Debug|x64
		{FDDDD840-D8EC-4D5A-BC44-CB11CE8C2CDB}.Release|Any CPU.ActiveCfg = Release|x64
		{FDDDD840-D8EC-4D5A-BC44-CB11CE8C2CDB}.Release|Main.ActiveCfg = Release|x64
		{FDDDD840-D8EC-4D5A-BC44-CB11CE8C2CDB}.Release|Main.Build.0 = Release|x64
		{FDDDD840-D8EC-4D5A-BC44-CB11CE8C2CDB}.Release|x64.ActiveCfg = Release|x64
		{FDDDD840-D8EC-4D5A-BC44-CB11CE8C2CDB}.Release|x64.Build.0 = Release|x64
		{9EFE6CBD-DF21-436E-9F81-E258BAB0B653}.Debug|Any CPU.ActiveCfg = Debug|x64
		{9EFE6CBD-DF21-436E-9F81-E258BAB0B653}.Debug|Main.ActiveCfg = Debug|x64
		{9EFE6CBD-DF21-436E-9F81-E258BAB0B653}.Debug|Main.Build.0 = Debug|x64
		{9EFE6CBD-DF21-436E-9F81-E258BAB0B653}.Debug|x64.ActiveCfg = Debug|x64
		{9EFE6CBD-DF21-436E-9F81-E258BAB0B653}.Debug|x64.Build.0 = Debug|x64
		{9EFE6CBD-DF21-436E-9F81-E258BAB0B653}.Release|Any CPU.ActiveCfg = Release|x64
		{9EFE6CBD-DF21-436E-9F81-E258BAB0B653}.Release|Main.ActiveCfg = Release|x64
		{9EFE6CBD-DF21-436E-9F81-E258BAB0B653}.Release|Main.Build.0 = Release|x64
		{9EFE6CBD-DF21-436E-9F81-E258BAB0B653}.Release|x64.ActiveCfg = Release|x64
		{9EFE6CBD-DF21-436E-9F81-E258BAB0B653}.Release|x64.Build.0 = Release|x64
		{E091CB2B-20FA-43C1-A595-1AB23320F97D}.Debug|Any CPU.ActiveCfg = Debug|x64
		{E091CB2B-20FA-43C1-A595-1AB23320F97D}.Debug|Main.ActiveCfg = Debug|x64
		{E091CB2B-20FA-43C1-A595-1AB23320F97D}.Debug|Main.Build.0 = Debug|x64
		{E091CB2B-20FA-43C1-A595-1AB23320F97D}.Debug|x64.ActiveCfg = Debug|x64
		{E091CB2B-20FA-43C1-A595-1AB23320F97D}.Debug|x64.Build.0 = Debug|x64
		{E091CB2B-20FA-43C1-A595-1AB23320F97D}.Release|Any CPU.ActiveCfg = Release|x64
		{E091CB2B-20FA-43C1-A595-1AB23320F97D}.Release|Main.ActiveCfg = Release|x64
		{E091CB2B-20FA-43C1-A595-1AB23320F97D}.Release|Main.Build.0 = Release|x64
		{E091CB2B-20FA-43C1-A595-1AB23320F97D}.Release|x64.ActiveCfg = Release|x64
		{E091CB2B-20FA-43C1-A595-1AB23320F97D}.Release|x64.Build.0 = Release|x64
		{8DCB8AA5-E743-4399-A294-5C3C1E61EF6F}.Debug|Any CPU.ActiveCfg = Debug|x64
		{8DCB8AA5-E743-4399-A294-5C3C1E61EF6F}.Debug|Main.ActiveCfg = Debug|x64
		{8DCB8AA5-E743-4399-A294-5C3C1E61EF6F}.Debug|Main.Build.0 = Debug|x64
		{8DCB8AA5-E743-4399-A294-5C3C1E61EF6F}.Debug|x64.ActiveCfg = Debug|x64
		{8DCB8AA5-E743-4399-A294-5C3C1E61EF6F}.Debug|x64.Build.0 = Debug|x64
		{8DCB8AA5-E743-4399-A294-5C3C1E61EF6F}.Debug|x64.Deploy.0 = Debug|x64
		{8DCB8AA5-E743-4399-A294-5C3C1E61EF6F}.Release|Any CPU.ActiveCfg = Release|x64
		{8DCB8AA5-E743-4399-A294-5C3C1E61EF6F}.Release|Main.ActiveCfg = Release|x64
		{8DCB8AA5-E743-4399-A294-5C3C1E61EF6F}.Release|Main.Build.0 = Release|x64
		{8DCB8AA5-E743-4399-A294-5C3C1E61EF6F}.Release|x64.ActiveCfg = Release|x64
		{8DCB8AA5-E743-4399-A294-5C3C1E61EF6F}.Release|x64.Build.0 = Release|x64
		{8DCB8AA5-E743-4399-A294-5C3C1E61EF6F}.Release|x64.Deploy.0 = Release|x64
		{2371E72E-2D3F-4979-9A76-B7180500B4C6}.Debug|Any CPU.ActiveCfg = Debug|x64
		{2371E72E-2D3F-4979-9A76-B7180500B4C6}.Debug|Main.ActiveCfg = Debug|x64
		{2371E72E-2D3F-4979-9A76-B7180500B4C6}.Debug|Main.Build.0 = Debug|x64
		{2371E72E-2D3F-4979-9A76-B7180500B4C6}.Debug|x64.ActiveCfg = Debug|x64
		{2371E72E-2D3F-4979-9A76-B7180500B4C6}.Debug|x64.Build.0 = Debug|x64
		{2371E72E-2D3F-4979-9A76-B7180500B4C6}.Debug|x64.Deploy.0 = Debug|x64
		{2371E72E-2D3F-4979-9A76-B7180500B4C6}.Release|Any CPU.ActiveCfg = Release|x64
		{2371E72E-2D3F-4979-9A76-B7180500B4C6}.Release|Main.ActiveCfg = Release|x64
		{2371E72E-2D3F-4979-9A76-B7180500B4C6}.Release|Main.Build.0 = Release|x64
		{2371E72E-2D3F-4979-9A76-B7180500B4C6}.Release|x64.ActiveCfg = Release|x64
		{2371E72E-2D3F-4979-9A76-B7180500B4C6}.Release|x64.Build.0 = Release|x64
		{2371E72E-2D3F-4979-9A76-B7180500B4C6}.Release|x64.Deploy.0 = Release|x64
		{514BDD5D-FFB9-4896-A04A-11F6595FEC58}.Debug|Any CPU.ActiveCfg = Debug|x64
		{514BDD5D-FFB9-4896-A04A-11F6595FEC58}.Debug|Main.ActiveCfg = Debug|x64
		{514BDD5D-FFB9-4896-A04A-11F6595FEC58}.Debug|Main.Build.0 = Debug|x64
		{514BDD5D-FFB9-4896-A04A-11F6595FEC58}.Debug|x64.ActiveCfg = Debug|x64
		{514BDD5D-FFB9-4896-A04A-11F6595FEC58}.Debug|x64.Build.0 = Debug|x64
		{514BDD5D-FFB9-4896-A04A-11F6595FEC58}.Release|Any CPU.ActiveCfg = Release|x64
		{514BDD5D-FFB9-4896-A04A-11F6595FEC58}.Release|Main.ActiveCfg = Release|x64
		{514BDD5D-FFB9-4896-A04A-11F6595FEC58}.Release|Main.Build.0 = Release|x64
		{514BDD5D-FFB9-4896-A04A-11F6595FEC58}.Release|x64.ActiveCfg = Release|x64
		{514BDD5D-FFB9-4896-A04A-11F6595FEC58}.Release|x64.Build.0 = Release|x64
		{2BFC69B8-F962-4EAE-9241-6968670BDEDF}.Debug|Any CPU.ActiveCfg = Debug|x64
		{2BFC69B8-F962-4EAE-9241-6968670BDEDF}.Debug|Main.ActiveCfg = Debug|x64
		{2BFC69B8-F962-4EAE-9241-6968670BDEDF}.Debug|Main.Build.0 = Debug|x64
		{2BFC69B8-F962-4EAE-9241-6968670BDEDF}.Debug|x64.ActiveCfg = Debug|x64
		{2BFC69B8-F962-4EAE-9241-6968670BDEDF}.Debug|x64.Build.0 = Debug|x64
		{2BFC69B8-F962-4EAE-9241-6968670BDEDF}.Release|Any CPU.ActiveCfg = Release|x64
		{2BFC69B8-F962-4EAE-9241-6968670BDEDF}.Release|Main.ActiveCfg = Release|x64
		{2BFC69B8-F962-4EAE-9241-6968670BDEDF}.Release|x64.ActiveCfg = Release|x64
		{2BFC69B8-F962-4EAE-9241-6968670BDEDF}.Release|x64.Build.0 = Release|x64
		{68094529-3515-46C0-AFF2-F850575AC480}.Debug|Any CPU.ActiveCfg = Debug|x64
		{68094529-3515-46C0-AFF2-F850575AC480}.Debug|Main.ActiveCfg = Debug|x64
		{68094529-3515-46C0-AFF2-F850575AC480}.Debug|Main.Build.0 = Debug|x64
		{68094529-3515-46C0-AFF2-F850575AC480}.Debug|x64.ActiveCfg = Debug|x64
		{68094529-3515-46C0-AFF2-F850575AC480}.Debug|x64.Build.0 = Debug|x64
		{68094529-3515-46C0-AFF2-F850575AC480}.Debug|x64.Deploy.0 = Debug|x64
		{68094529-3515-46C0-AFF2-F850575AC480}.Release|Any CPU.ActiveCfg = Release|x64
		{68094529-3515-46C0-AFF2-F850575AC480}.Release|Main.ActiveCfg = Release|x64
		{68094529-3515-46C0-AFF2-F850575AC480}.Release|Main.Build.0 = Release|x64
		{68094529-3515-46C0-AFF2-F850575AC480}.Release|x64.ActiveCfg = Release|x64
		{68094529-3515-46C0-AFF2-F850575AC480}.Release|x64.Build.0 = Release|x64
		{68094529-3515-46C0-AFF2-F850575AC480}.Release|x64.Deploy.0 = Release|x64
		{8333889E-17C1-41B9-8102-BC610F528300}.Debug|Any CPU.ActiveCfg = Debug|x64
		{8333889E-17C1-41B9-8102-BC610F528300}.Debug|Main.ActiveCfg = Debug|x64
		{8333889E-17C1-41B9-8102-BC610F528300}.Debug|x64.ActiveCfg = Debug|x64
		{8333889E-17C1-41B9-8102-BC610F528300}.Debug|x64.Build.0 = Debug|x64
		{8333889E-17C1-41B9-8102-BC610F528300}.Debug|x64.Deploy.0 = Debug|x64
		{8333889E-17C1-41B9-8102-BC610F528300}.Release|Any CPU.ActiveCfg = Release|x64
		{8333889E-17C1-41B9-8102-BC610F528300}.Release|Main.ActiveCfg = Release|x64
		{8333889E-17C1-41B9-8102-BC610F528300}.Release|x64.ActiveCfg = Release|x64
		{8333889E-17C1-41B9-8102-BC610F528300}.Release|x64.Build.0 = Release|x64
		{8333889E-17C1-41B9-8102-BC610F528300}.Release|x64.Deploy.0 = Release|x64
		{44912A9E-17D7-4CBF-B802-D14889A5DF51}.Debug|Any CPU.ActiveCfg = Debug|ARM
		{44912A9E-17D7-4CBF-B802-D14889A5DF51}.Debug|Main.ActiveCfg = Debug|ARM
		{44912A9E-17D7-4CBF-B802-D14889A5DF51}.Debug|x64.ActiveCfg = Debug|ARM
		{44912A9E-17D7-4CBF-B802-D14889A5DF51}.Release|Any CPU.ActiveCfg = Release|ARM
		{44912A9E-17D7-4CBF-B802-D14889A5DF51}.Release|Main.ActiveCfg = Release|ARM
		{44912A9E-17D7-4CBF-B802-D14889A5DF51}.Release|x64.ActiveCfg = Release|ARM
		{AE721F56-8E1A-4FF2-86AE-6DAACC9704A7}.Debug|Any CPU.ActiveCfg = Debug|x64
		{AE721F56-8E1A-4FF2-86AE-6DAACC9704A7}.Debug|Main.ActiveCfg = Debug|x64
		{AE721F56-8E1A-4FF2-86AE-6DAACC9704A7}.Debug|Main.Build.0 = Debug|x64
		{AE721F56-8E1A-4FF2-86AE-6DAACC9704A7}.Debug|x64.ActiveCfg = Debug|x64
		{AE721F56-8E1A-4FF2-86AE-6DAACC9704A7}.Debug|x64.Build.0 = Debug|x64
		{AE721F56-8E1A-4FF2-86AE-6DAACC9704A7}.Debug|x64.Deploy.0 = Debug|x64
		{AE721F56-8E1A-4FF2-86AE-6DAACC9704A7}.Release|Any CPU.ActiveCfg = Release|x64
		{AE721F56-8E1A-4FF2-86AE-6DAACC9704A7}.Release|Main.ActiveCfg = Release|x64
		{AE721F56-8E1A-4FF2-86AE-6DAACC9704A7}.Release|Main.Build.0 = Release|x64
		{AE721F56-8E1A-4FF2-86AE-6DAACC9704A7}.Release|x64.ActiveCfg = Release|x64
		{AE721F56-8E1A-4FF2-86AE-6DAACC9704A7}.Release|x64.Build.0 = Release|x64
		{AE721F56-8E1A-4FF2-86AE-6DAACC9704A7}.Release|x64.Deploy.0 = Release|x64
		{D55F8C7C-C2BD-4109-B414-7F5A0F644483}.Debug|Any CPU.ActiveCfg = Debug|x64
		{D55F8C7C-C2BD-4109-B414-7F5A0F644483}.Debug|Main.ActiveCfg = Debug|x64
		{D55F8C7C-C2BD-4109-B414-7F5A0F644483}.Debug|Main.Build.0 = Debug|x64
		{D55F8C7C-C2BD-4109-B414-7F5A0F644483}.Debug|x64.ActiveCfg = Debug|x64
		{D55F8C7C-C2BD-4109-B414-7F5A0F644483}.Debug|x64.Build.0 = Debug|x64
		{D55F8C7C-C2BD-4109-B414-7F5A0F644483}.Debug|x64.Deploy.0 = Debug|x64
		{D55F8C7C-C2BD-4109-B414-7F5A0F644483}.Release|Any CPU.ActiveCfg = Release|x64
		{D55F8C7C-C2BD-4109-B414-7F5A0F644483}.Release|Main.ActiveCfg = Release|x64
		{D55F8C7C-C2BD-4109-B414-7F5A0F644483}.Release|Main.Build.0 = Release|x64
		{D55F8C7C-C2BD-4109-B414-7F5A0F644483}.Release|x64.ActiveCfg = Release|x64
		{D55F8C7C-C2BD-4109-B414-7F5A0F644483}.Release|x64.Build.0 = Release|x64
		{D55F8C7C-C2BD-4109-B414-7F5A0F644483}.Release|x64.Deploy.0 = Release|x64
		{0161E769-21BF-4BB5-8BD1-2EF8573A3FF4}.Debug|Any CPU.ActiveCfg = Debug|ARM
		{0161E769-21BF-4BB5-8BD1-2EF8573A3FF4}.Debug|Main.ActiveCfg = Debug|ARM
		{0161E769-21BF-4BB5-8BD1-2EF8573A3FF4}.Debug|Main.Build.0 = Debug|ARM
		{0161E769-21BF-4BB5-8BD1-2EF8573A3FF4}.Debug|x64.ActiveCfg = Debug|ARM
		{0161E769-21BF-4BB5-8BD1-2EF8573A3FF4}.Release|Any CPU.ActiveCfg = Release|ARM
		{0161E769-21BF-4BB5-8BD1-2EF8573A3FF4}.Release|Main.ActiveCfg = Release|ARM
		{0161E769-21BF-4BB5-8BD1-2EF8573A3FF4}.Release|Main.Build.0 = Release|ARM
		{0161E769-21BF-4BB5-8BD1-2EF8573A3FF4}.Release|x64.ActiveCfg = Release|ARM
		{5C5219A0-B4C0-441A-83ED-D7AE765D6A79}.Debug|Any CPU.ActiveCfg = Debug|x64
		{5C5219A0-B4C0-441A-83ED-D7AE765D6A79}.Debug|Main.ActiveCfg = Debug|x64
		{5C5219A0-B4C0-441A-83ED-D7AE765D6A79}.Debug|Main.Build.0 = Debug|x64
		{5C5219A0-B4C0-441A-83ED-D7AE765D6A79}.Debug|x64.ActiveCfg = Debug|x64
		{5C5219A0-B4C0-441A-83ED-D7AE765D6A79}.Debug|x64.Build.0 = Debug|x64
		{5C5219A0-B4C0-441A-83ED-D7AE765D6A79}.Release|Any CPU.ActiveCfg = Release|x64
		{5C5219A0-B4C0-441A-83ED-D7AE765D6A79}.Release|Main.ActiveCfg = Release|x64
		{5C5219A0-B4C0-441A-83ED-D7AE765D6A79}.Release|x64.ActiveCfg = Release|x64
		{5C5219A0-B4C0-441A-83ED-D7AE765D6A79}.Release|x64.Build.0 = Release|x64
		{7FC659D7-02CA-42E1-A2BA-9A4D326CFD15}.Debug|Any CPU.ActiveCfg = Debug|x64
		{7FC659D7-02CA-42E1-A2BA-9A4D326CFD15}.Debug|Main.ActiveCfg = Debug|x64
		{7FC659D7-02CA-42E1-A2BA-9A4D326CFD15}.Debug|Main.Build.0 = Debug|x64
		{7FC659D7-02CA-42E1-A2BA-9A4D326CFD15}.Debug|x64.ActiveCfg = Debug|x64
		{7FC659D7-02CA-42E1-A2BA-9A4D326CFD15}.Debug|x64.Build.0 = Debug|x64
		{7FC659D7-02CA-42E1-A2BA-9A4D326CFD15}.Release|Any CPU.ActiveCfg = Release|x64
		{7FC659D7-02CA-42E1-A2BA-9A4D326CFD15}.Release|Main.ActiveCfg = Release|x64
		{7FC659D7-02CA-42E1-A2BA-9A4D326CFD15}.Release|x64.ActiveCfg = Release|x64
		{7FC659D7-02CA-42E1-A2BA-9A4D326CFD15}.Release|x64.Build.0 = Release|x64
		{7F898B51-332B-468D-9EFA-E2CB8709ECAE}.Debug|Any CPU.ActiveCfg = Debug|Any CPU
		{7F898B51-332B-468D-9EFA-E2CB8709ECAE}.Debug|Main.ActiveCfg = Debug|Any CPU
		{7F898B51-332B-468D-9EFA-E2CB8709ECAE}.Debug|x64.ActiveCfg = Debug|Any CPU
		{7F898B51-332B-468D-9EFA-E2CB8709ECAE}.Release|Any CPU.ActiveCfg = Release|Any CPU
		{7F898B51-332B-468D-9EFA-E2CB8709ECAE}.Release|Main.ActiveCfg = Release|Any CPU
		{7F898B51-332B-468D-9EFA-E2CB8709ECAE}.Release|x64.ActiveCfg = Release|Any CPU
		{D4060982-7BC8-40C0-BFF5-D0B248FF50D4}.Debug|Any CPU.ActiveCfg = Debug|Any CPU
		{D4060982-7BC8-40C0-BFF5-D0B248FF50D4}.Debug|Any CPU.Build.0 = Debug|Any CPU
		{D4060982-7BC8-40C0-BFF5-D0B248FF50D4}.Debug|Main.ActiveCfg = Debug|Any CPU
		{D4060982-7BC8-40C0-BFF5-D0B248FF50D4}.Debug|Main.Build.0 = Debug|Any CPU
		{D4060982-7BC8-40C0-BFF5-D0B248FF50D4}.Debug|x64.ActiveCfg = Debug|Any CPU
		{D4060982-7BC8-40C0-BFF5-D0B248FF50D4}.Debug|x64.Build.0 = Debug|Any CPU
		{D4060982-7BC8-40C0-BFF5-D0B248FF50D4}.Release|Any CPU.ActiveCfg = Release|Any CPU
		{D4060982-7BC8-40C0-BFF5-D0B248FF50D4}.Release|Any CPU.Build.0 = Release|Any CPU
		{D4060982-7BC8-40C0-BFF5-D0B248FF50D4}.Release|Main.ActiveCfg = Release|Any CPU
		{D4060982-7BC8-40C0-BFF5-D0B248FF50D4}.Release|Main.Build.0 = Release|Any CPU
		{D4060982-7BC8-40C0-BFF5-D0B248FF50D4}.Release|x64.ActiveCfg = Release|Any CPU
		{D4060982-7BC8-40C0-BFF5-D0B248FF50D4}.Release|x64.Build.0 = Release|Any CPU
	EndGlobalSection
	GlobalSection(SolutionProperties) = preSolution
		HideSolutionNode = FALSE
	EndGlobalSection
	GlobalSection(NestedProjects) = preSolution
		{9EFE6CBD-DF21-436E-9F81-E258BAB0B653} = {B726A834-972A-4766-8510-3A9F59A2C4CE}
		{E091CB2B-20FA-43C1-A595-1AB23320F97D} = {B726A834-972A-4766-8510-3A9F59A2C4CE}
		{8DCB8AA5-E743-4399-A294-5C3C1E61EF6F} = {10681135-FD8E-4B91-8710-3F5E6450850B}
		{2371E72E-2D3F-4979-9A76-B7180500B4C6} = {10681135-FD8E-4B91-8710-3F5E6450850B}
		{514BDD5D-FFB9-4896-A04A-11F6595FEC58} = {B726A834-972A-4766-8510-3A9F59A2C4CE}
		{2BFC69B8-F962-4EAE-9241-6968670BDEDF} = {C47DEE4A-D976-455F-A04D-1B288E61B587}
		{68094529-3515-46C0-AFF2-F850575AC480} = {D0005F55-092C-4ABD-83E7-F2D616C45EA2}
		{8333889E-17C1-41B9-8102-BC610F528300} = {D0005F55-092C-4ABD-83E7-F2D616C45EA2}
		{AE721F56-8E1A-4FF2-86AE-6DAACC9704A7} = {D0005F55-092C-4ABD-83E7-F2D616C45EA2}
		{5C5219A0-B4C0-441A-83ED-D7AE765D6A79} = {D0005F55-092C-4ABD-83E7-F2D616C45EA2}
		{7FC659D7-02CA-42E1-A2BA-9A4D326CFD15} = {B726A834-972A-4766-8510-3A9F59A2C4CE}
		{7F898B51-332B-468D-9EFA-E2CB8709ECAE} = {447305F5-E413-4E7B-90D4-24931DD6E196}
		{D4060982-7BC8-40C0-BFF5-D0B248FF50D4} = {447305F5-E413-4E7B-90D4-24931DD6E196}
	EndGlobalSection
	GlobalSection(ExtensibilityGlobals) = postSolution
		SolutionGuid = {A3A35119-07BA-4577-956D-8C761E740CFA}
	EndGlobalSection
EndGlobal
